
Microsoft Visual Studio Solution File, Format Version 12.00
# Visual Studio Version 17
VisualStudioVersion = 17.14.36127.28 d17.14
MinimumVisualStudioVersion = 10.0.40219.1
Project("{FAE04EC0-301F-11D3-BF4B-00C04F79EFBC}") = "Hangman", "Hangman.csproj", "{0BF0E3F1-1ADF-4C24-8255-F1C7B3A43267}"
EndProject
Global
	GlobalSection(SolutionConfigurationPlatforms) = preSolution
		Debug|Any CPU = Debug|Any CPU
		Release|Any CPU = Release|Any CPU
	EndGlobalSection
	GlobalSection(ProjectConfigurationPlatforms) = postSolution
		{0BF0E3F1-1ADF-4C24-8255-F1C7B3A43267}.Debug|Any CPU.ActiveCfg = Debug|Any CPU
		{0BF0E3F1-1ADF-4C24-8255-F1C7B3A43267}.Debug|Any CPU.Build.0 = Debug|Any CPU
		{0BF0E3F1-1ADF-4C24-8255-F1C7B3A43267}.Release|Any CPU.ActiveCfg = Release|Any CPU
		{0BF0E3F1-1ADF-4C24-8255-F1C7B3A43267}.Release|Any CPU.Build.0 = Release|Any CPU
	EndGlobalSection
	GlobalSection(SolutionProperties) = preSolution
		HideSolutionNode = FALSE
	EndGlobalSection
	GlobalSection(ExtensibilityGlobals) = postSolution
		SolutionGuid = {90B674B9-1DD8-40B6-A9BA-D408175BD27B}
	EndGlobalSection
EndGlobal
